
Microsoft Visual Studio Solution File, Format Version 12.00
Project("{FAE04EC0-301F-11D3-BF4B-00C04F79EFBC}") = "Parcial3", "Parcial3.csproj", "{AAE4423E-3E8A-42CD-89E4-4BC08FD790CB}"
EndProject
Global
	GlobalSection(SolutionConfigurationPlatforms) = preSolution
		Debug|Any CPU = Debug|Any CPU
		Release|Any CPU = Release|Any CPU
	EndGlobalSection
	GlobalSection(ProjectConfigurationPlatforms) = postSolution
		{AAE4423E-3E8A-42CD-89E4-4BC08FD790CB}.Debug|Any CPU.ActiveCfg = Debug|Any CPU
		{AAE4423E-3E8A-42CD-89E4-4BC08FD790CB}.Debug|Any CPU.Build.0 = Debug|Any CPU
		{AAE4423E-3E8A-42CD-89E4-4BC08FD790CB}.Release|Any CPU.ActiveCfg = Release|Any CPU
		{AAE4423E-3E8A-42CD-89E4-4BC08FD790CB}.Release|Any CPU.Build.0 = Release|Any CPU
	EndGlobalSection
EndGlobal
